
Microsoft Visual Studio Solution File, Format Version 12.00
# Visual Studio Version 17
VisualStudioVersion = 17.8.34316.72
MinimumVisualStudioVersion = 10.0.40219.1
Project("{FAE04EC0-301F-11D3-BF4B-00C04F79EFBC}") = "Ansh", "Ansh\Ansh.csproj", "{33F1AB59-65F3-4083-B17D-B09612CD0E79}"
EndProject
Global
	GlobalSection(SolutionConfigurationPlatforms) = preSolution
		Debug|Any CPU = Debug|Any CPU
		Release|Any CPU = Release|Any CPU
	EndGlobalSection
	GlobalSection(ProjectConfigurationPlatforms) = postSolution
		{33F1AB59-65F3-4083-B17D-B09612CD0E79}.Debug|Any CPU.ActiveCfg = Debug|Any CPU
		{33F1AB59-65F3-4083-B17D-B09612CD0E79}.Debug|Any CPU.Build.0 = Debug|Any CPU
		{33F1AB59-65F3-4083-B17D-B09612CD0E79}.Release|Any CPU.ActiveCfg = Release|Any CPU
		{33F1AB59-65F3-4083-B17D-B09612CD0E79}.Release|Any CPU.Build.0 = Release|Any CPU
	EndGlobalSection
	GlobalSection(SolutionProperties) = preSolution
		HideSolutionNode = FALSE
	EndGlobalSection
	GlobalSection(ExtensibilityGlobals) = postSolution
		SolutionGuid = {2B4DF20C-56B6-42A1-A2C9-91024BC54697}
	EndGlobalSection
EndGlobal
